<?xml version="1.0" encoding="utf-8"?>
<Project ToolsVersion="4.0" xmlns="http://schemas.microsoft.com/developer/msbuild/2003">
  <ItemGroup>
    <Filter Include="Source Files">
      <UniqueIdentifier>{107c6772-9dde-4a38-9f7a-87348f6f2258}</UniqueIdentifier>
      <Extensions>cpp;c;cxx;rc;def;r;odl;idl;hpj;bat</Extensions>
    </Filter>
    <Filter Include="Header Files">
      <UniqueIdentifier>{a87cc5af-74d2-4678-8e67-126889529bc2}</UniqueIdentifier>
      <Extensions>h;hpp;hxx;hm;inl</Extensions>
    </Filter>
  </ItemGroup>
  <ItemGroup>
    <ClCompile Include="sqapi.cpp">
      <Filter>Source Files</Filter>
    </ClCompile>
    <ClCompile Include="sqbaselib.cpp">
      <Filter>Source Files</Filter>
    </ClCompile>
    <ClCompile Include="sqcompiler.cpp">
      <Filter>Source Files</Filter>
    </ClCompile>
    <ClCompile Include="sqdebug.cpp">
      <Filter>Source Files</Filter>
    </ClCompile>
    <ClCompile Include="sqfuncstate.cpp">
      <Filter>Source Files</Filter>
    </ClCompile>
    <ClCompile Include="sqlexer.cpp">
      <Filter>Source Files</Filter>
    </ClCompile>
    <ClCompile Include="sqmem.cpp">
      <Filter>Source Files</Filter>
    </ClCompile>
    <ClCompile Include="sqobject.cpp">
      <Filter>Source Files</Filter>
    </ClCompile>
    <ClCompile Include="sqstate.cpp">
      <Filter>Source Files</Filter>
    </ClCompile>
    <ClCompile Include="sqtable.cpp">
      <Filter>Source Files</Filter>
    </ClCompile>
    <ClCompile Include="sqclass.cpp">
      <Filter>Source Files</Filter>
    </ClCompile>
    <ClCompile Include="sqvm.cpp">
      <Filter>Source Files</Filter>
    </ClCompile>
  </ItemGroup>
  <ItemGroup>
    <ClInclude Include="sqarray.h">
      <Filter>Header Files</Filter>
    </ClInclude>
    <ClInclude Include="sqclosure.h">
      <Filter>Header Files</Filter>
    </ClInclude>
    <ClInclude Include="sqcompiler.h">
      <Filter>Header Files</Filter>
    </ClInclude>
    <ClInclude Include="sqfuncproto.h">
      <Filter>Header Files</Filter>
    </ClInclude>
    <ClInclude Include="sqfuncstate.h">
      <Filter>Header Files</Filter>
    </ClInclude>
    <ClInclude Include="sqlexer.h">
      <Filter>Header Files</Filter>
    </ClInclude>
    <ClInclude Include="sqobject.h">
      <Filter>Header Files</Filter>
    </ClInclude>
    <ClInclude Include="sqopcodes.h">
      <Filter>Header Files</Filter>
    </ClInclude>
    <ClInclude Include="sqpcheader.h">
      <Filter>Header Files</Filter>
    </ClInclude>
    <ClInclude Include="sqstate.h">
      <Filter>Header Files</Filter>
    </ClInclude>
    <ClInclude Include="sqstring.h">
      <Filter>Header Files</Filter>
    </ClInclude>
    <ClInclude Include="sqtable.h">
      <Filter>Header Files</Filter>
    </ClInclude>
    <ClInclude Include="squserdata.h">
      <Filter>Header Files</Filter>
    </ClInclude>
    <ClInclude Include="squtils.h">
      <Filter>Header Files</Filter>
    </ClInclude>
    <ClInclude Include="sqclass.h">
      <Filter>Header Files</Filter>
    </ClInclude>
    <ClInclude Include="sqvm.h">
      <Filter>Header Files</Filter>
    </ClInclude>
  </ItemGroup>
</Project>