Microsoft Visual Studio Solution File, Format Version 12.00
# Visual Studio 2013
VisualStudioVersion = 12.0.31101.0
MinimumVisualStudioVersion = 10.0.40219.1
Project("{8BC9CEB8-8B4A-11D0-8D11-00A0C91BC942}") = "shell", "shell\shell.vcxproj", "{73B0F5A4-DD62-462D-9435-523BE4FBBDB5}"
EndProject
Project("{8BC9CEB8-8B4A-11D0-8D11-00A0C91BC942}") = "pcre", "pcre\pcre.vcxproj", "{D505BCF8-3537-43DA-9E2D-D4E21D821547}"
EndProject
Project("{8BC9CEB8-8B4A-11D0-8D11-00A0C91BC942}") = "squirrel", "..\squirrel\squirrel\squirrel.vcxproj", "{252F650F-3056-4C2B-97A5-0A77ABC25C29}"
EndProject
Global
	GlobalSection(SolutionConfigurationPlatforms) = preSolution
		Debug|Win32 = Debug|Win32
		Debug|x64 = Debug|x64
		Release|Win32 = Release|Win32
		Release|x64 = Release|x64
		Template|Win32 = Template|Win32
		Template|x64 = Template|x64
	EndGlobalSection
	GlobalSection(ProjectConfigurationPlatforms) = postSolution
		{73B0F5A4-DD62-462D-9435-523BE4FBBDB5}.Debug|Win32.ActiveCfg = Debug|Win32
		{73B0F5A4-DD62-462D-9435-523BE4FBBDB5}.Debug|Win32.Build.0 = Debug|Win32
		{73B0F5A4-DD62-462D-9435-523BE4FBBDB5}.Debug|x64.ActiveCfg = Debug|x64
		{73B0F5A4-DD62-462D-9435-523BE4FBBDB5}.Debug|x64.Build.0 = Debug|x64
		{73B0F5A4-DD62-462D-9435-523BE4FBBDB5}.Release|Win32.ActiveCfg = Release|Win32
		{73B0F5A4-DD62-462D-9435-523BE4FBBDB5}.Release|Win32.Build.0 = Release|Win32
		{73B0F5A4-DD62-462D-9435-523BE4FBBDB5}.Release|x64.ActiveCfg = Release|x64
		{73B0F5A4-DD62-462D-9435-523BE4FBBDB5}.Release|x64.Build.0 = Release|x64
		{73B0F5A4-DD62-462D-9435-523BE4FBBDB5}.Template|Win32.ActiveCfg = Release|Win32
		{73B0F5A4-DD62-462D-9435-523BE4FBBDB5}.Template|Win32.Build.0 = Release|Win32
		{73B0F5A4-DD62-462D-9435-523BE4FBBDB5}.Template|x64.ActiveCfg = Release|x64
		{73B0F5A4-DD62-462D-9435-523BE4FBBDB5}.Template|x64.Build.0 = Release|x64
		{D505BCF8-3537-43DA-9E2D-D4E21D821547}.Debug|Win32.ActiveCfg = Debug|Win32
		{D505BCF8-3537-43DA-9E2D-D4E21D821547}.Debug|Win32.Build.0 = Debug|Win32
		{D505BCF8-3537-43DA-9E2D-D4E21D821547}.Debug|x64.ActiveCfg = Debug|x64
		{D505BCF8-3537-43DA-9E2D-D4E21D821547}.Debug|x64.Build.0 = Debug|x64
		{D505BCF8-3537-43DA-9E2D-D4E21D821547}.Release|Win32.ActiveCfg = Release|Win32
		{D505BCF8-3537-43DA-9E2D-D4E21D821547}.Release|Win32.Build.0 = Release|Win32
		{D505BCF8-3537-43DA-9E2D-D4E21D821547}.Release|x64.ActiveCfg = Release|x64
		{D505BCF8-3537-43DA-9E2D-D4E21D821547}.Release|x64.Build.0 = Release|x64
		{D505BCF8-3537-43DA-9E2D-D4E21D821547}.Template|Win32.ActiveCfg = Release|Win32
		{D505BCF8-3537-43DA-9E2D-D4E21D821547}.Template|Win32.Build.0 = Release|Win32
		{D505BCF8-3537-43DA-9E2D-D4E21D821547}.Template|x64.ActiveCfg = Release|x64
		{D505BCF8-3537-43DA-9E2D-D4E21D821547}.Template|x64.Build.0 = Release|x64
		{252F650F-3056-4C2B-97A5-0A77ABC25C29}.Debug|Win32.ActiveCfg = Debug|Win32
		{252F650F-3056-4C2B-97A5-0A77ABC25C29}.Debug|Win32.Build.0 = Debug|Win32
		{252F650F-3056-4C2B-97A5-0A77ABC25C29}.Debug|x64.ActiveCfg = Debug|Win32
		{252F650F-3056-4C2B-97A5-0A77ABC25C29}.Release|Win32.ActiveCfg = Release|Win32
		{252F650F-3056-4C2B-97A5-0A77ABC25C29}.Release|Win32.Build.0 = Release|Win32
		{252F650F-3056-4C2B-97A5-0A77ABC25C29}.Release|x64.ActiveCfg = Release|Win32
		{252F650F-3056-4C2B-97A5-0A77ABC25C29}.Template|Win32.ActiveCfg = Template|Win32
		{252F650F-3056-4C2B-97A5-0A77ABC25C29}.Template|Win32.Build.0 = Template|Win32
		{252F650F-3056-4C2B-97A5-0A77ABC25C29}.Template|x64.ActiveCfg = Template|Win32
	EndGlobalSection
	GlobalSection(SolutionProperties) = preSolution
		HideSolutionNode = FALSE
	EndGlobalSection
EndGlobal
